
Microsoft Visual Studio Solution File, Format Version 12.00
# Visual Studio Version 16
VisualStudioVersion = 16.0.32106.194
MinimumVisualStudioVersion = 10.0.40219.1
Project("{FAE04EC0-301F-11D3-BF4B-00C04F79EFBC}") = "11. Students", "11. Students\11. Students.csproj", "{3E4A7426-7738-423A-B5F4-89E7749008C4}"
EndProject
Global
	GlobalSection(SolutionConfigurationPlatforms) = preSolution
		Debug|Any CPU = Debug|Any CPU
		Release|Any CPU = Release|Any CPU
	EndGlobalSection
	GlobalSection(ProjectConfigurationPlatforms) = postSolution
		{3E4A7426-7738-423A-B5F4-89E7749008C4}.Debug|Any CPU.ActiveCfg = Debug|Any CPU
		{3E4A7426-7738-423A-B5F4-89E7749008C4}.Debug|Any CPU.Build.0 = Debug|Any CPU
		{3E4A7426-7738-423A-B5F4-89E7749008C4}.Release|Any CPU.ActiveCfg = Release|Any CPU
		{3E4A7426-7738-423A-B5F4-89E7749008C4}.Release|Any CPU.Build.0 = Release|Any CPU
	EndGlobalSection
	GlobalSection(SolutionProperties) = preSolution
		HideSolutionNode = FALSE
	EndGlobalSection
	GlobalSection(ExtensibilityGlobals) = postSolution
		SolutionGuid = {C171E6FC-0298-40AB-9C21-1FA499E5B1EA}
	EndGlobalSection
EndGlobal
